version = 1
revision = 3
requires-python = ">=3.14"

[[package]]
name = "asgiref"
version = "3.12.1"
source = { registry = "https://pypi.org/simple" }
sdist = { url = "https://files.pythonhosted.org/packages/e6/26/3b59f2bdae5f640389becb1f673cded775287f5fc4f816309d9ca9a3f93d/asgiref-3.12.1.tar.gz", hash = "sha256:59dcb51c272ad209d59bed5708a64a333083e86017d7fcdd67498eeab7784340", size = 42378, upload-time = "2026-07-14T09:56:18.087Z" }
wheels = [
    { url = "https://files.pythonhosted.org/packages/c0/1b/54f4ad77cd8a584fa70746c47df988e002cf1ee1eba43364d46f87803647/asgiref-3.12.1-py3-none-any.whl", hash = "sha256:fe386d1c2bff7259ea95929266d12a8cf9a8b5a1c2598402967d8792e7a7c094", size = 25478, upload-time = "2026-07-14T09:56:16.926Z" },
]

[[package]]
name = "django"
version = "4.2.6"
source = { registry = "https://pypi.org/simple" }
dependencies = [
    { name = "asgiref" },
    { name = "sqlparse" },
    { name = "tzdata", marker = "sys_platform == 'win32'" },
]
sdist = { url = "https://files.pythonhosted.org/packages/23/7b/f47d10d870fabfcaa1fba403460a4e482ab7dbba4d715d43981d1f8c8d85/Django-4.2.6.tar.gz", hash = "sha256:08f41f468b63335aea0d904c5729e0250300f6a1907bf293a65499496cdbc68f", size = 10407018, upload-time = "2023-10-04T14:58:41.808Z" }
wheels = [
    { url = "https://files.pythonhosted.org/packages/b9/45/707dfc56f381222c1c798503546cb390934ab246fc45b5051ef66e31099c/Django-4.2.6-py3-none-any.whl", hash = "sha256:a64d2487cdb00ad7461434320ccc38e60af9c404773a2f95ab0093b4453a3215", size = 7990607, upload-time = "2023-10-04T14:58:34.647Z" },
]

[[package]]
name = "gorynych"
version = "0.1.0"
source = { virtual = "." }
dependencies = [
    { name = "django" },
    { name = "sqlparse" },
    { name = "tzdata" },
]

[package.metadata]
requires-dist = [
    { name = "django", specifier = "==4.2.6" },
    { name = "sqlparse", specifier = "==0.4.4" },
    { name = "tzdata", specifier = "==2023.3" },
]

[[package]]
name = "sqlparse"
version = "0.4.4"
source = { registry = "https://pypi.org/simple" }
sdist = { url = "https://files.pythonhosted.org/packages/65/16/10f170ec641ed852611b6c9441b23d10b5702ab5288371feab3d36de2574/sqlparse-0.4.4.tar.gz", hash = "sha256:d446183e84b8349fa3061f0fe7f06ca94ba65b426946ffebe6e3e8295332420c", size = 72383, upload-time = "2023-04-18T08:30:41.994Z" }
wheels = [
    { url = "https://files.pythonhosted.org/packages/98/5a/66d7c9305baa9f11857f247d4ba761402cea75db6058ff850ed7128957b7/sqlparse-0.4.4-py3-none-any.whl", hash = "sha256:5430a4fe2ac7d0f93e66f1efc6e1338a41884b7ddf2a350cedd20ccc4d9d28f3", size = 41183, upload-time = "2023-04-18T08:30:36.96Z" },
]

[[package]]
name = "tzdata"
version = "2023.3"
source = { registry = "https://pypi.org/simple" }
sdist = { url = "https://files.pythonhosted.org/packages/70/e5/81f99b9fced59624562ab62a33df639a11b26c582be78864b339dafa420d/tzdata-2023.3.tar.gz", hash = "sha256:11ef1e08e54acb0d4f95bdb1be05da659673de4acbd21bf9c69e94cc5e907a3a", size = 187483, upload-time = "2023-03-29T01:41:04.086Z" }
wheels = [
    { url = "https://files.pythonhosted.org/packages/d5/fb/a79efcab32b8a1f1ddca7f35109a50e4a80d42ac1c9187ab46522b2407d7/tzdata-2023.3-py2.py3-none-any.whl", hash = "sha256:7e65763eef3120314099b6939b5546db7adce1e7d6f2e179e3df563c70511eda", size = 341835, upload-time = "2023-03-29T01:41:02.776Z" },
]
